
Microsoft Visual Studio Solution File, Format Version 12.00
# Visual Studio 15
VisualStudioVersion = 15.0.27428.2037
MinimumVisualStudioVersion = 10.0.40219.1
Project("{9A19103F-16F7-4668-BE54-9A1E7A4F7556}") = "ET.BUA.Web", "ET.BUA.Web\ET.BUA.Web.csproj", "{C97F3595-E02B-4517-9814-6E8C4610DAB0}"
EndProject
Project("{9A19103F-16F7-4668-BE54-9A1E7A4F7556}") = "ET.BUA.Entity", "ET.BUA.Entity\ET.BUA.Entity.csproj", "{BF2C6101-F921-4708-B95A-26EE06058C00}"
EndProject
Project("{9A19103F-16F7-4668-BE54-9A1E7A4F7556}") = "ET.BUA.Domain", "ET.BUA.Domain\ET.BUA.Domain.csproj", "{3C27CEF8-A38B-4F20-A5AB-35D7872FBEB1}"
EndProject
Project("{9A19103F-16F7-4668-BE54-9A1E7A4F7556}") = "ET.BUA.Service", "ET.BUA.Service\ET.BUA.Service.csproj", "{7A01A6AA-55FA-4087-8C36-4FE0933BFAE2}"
EndProject
Project("{9A19103F-16F7-4668-BE54-9A1E7A4F7556}") = "ET.Core", "ET.BUA.Core\ET.Core.csproj", "{3B9D279A-FF60-4A0A-A239-C72F272A6CDA}"
EndProject
Project("{2150E333-8FDC-42A3-9474-1A3956D46DE8}") = "ET.BUA", "ET.BUA", "{D2C3A5AA-BCEC-45E7-83C5-D4A280385449}"
EndProject
Project("{2150E333-8FDC-42A3-9474-1A3956D46DE8}") = "ET.OA.Document", "ET.OA.Document", "{5BB0F10A-72CC-4837-BC26-E2EDFB83CABC}"
EndProject
Project("{9A19103F-16F7-4668-BE54-9A1E7A4F7556}") = "ET.OA.Document.Domain", "ET.OA.Document.Domain\ET.OA.Document.Domain.csproj", "{07E66100-C1C5-46A2-A636-C3E801C76588}"
EndProject
Project("{9A19103F-16F7-4668-BE54-9A1E7A4F7556}") = "ET.OA.Document.Entity", "ET.OA.Document.Entity\ET.OA.Document.Entity.csproj", "{6642815D-53F6-46B2-9648-204975C2040F}"
EndProject
Project("{9A19103F-16F7-4668-BE54-9A1E7A4F7556}") = "ET.OA.Document.Service", "ET.OA.Document.Service\ET.OA.Document.Service.csproj", "{90D9BE60-0010-4836-908B-28517E4D416A}"
EndProject
Project("{9A19103F-16F7-4668-BE54-9A1E7A4F7556}") = "ET.OA.Document.Common", "ET.OA.Document.Common\ET.OA.Document.Common.csproj", "{90C8BE21-83B6-4FDF-BE82-B5A65DCE9893}"
EndProject
Project("{9A19103F-16F7-4668-BE54-9A1E7A4F7556}") = "ET.OA.Document.Facade", "ET.OA.Document.Facade\ET.OA.Document.Facade.csproj", "{C56C15BE-8273-4576-B2CD-5D680D9F196F}"
EndProject
Project("{9A19103F-16F7-4668-BE54-9A1E7A4F7556}") = "ET.OA.Document.Web", "ET.OA.Document.Web\ET.OA.Document.Web.csproj", "{FC5A933F-95D3-41D5-9D00-5BE25E55E78E}"
EndProject
Project("{2150E333-8FDC-42A3-9474-1A3956D46DE8}") = "ET.SSO", "ET.SSO", "{006CE8E2-0E5C-4C89-9DA1-5C139E3D508D}"
EndProject
Project("{2150E333-8FDC-42A3-9474-1A3956D46DE8}") = "ET.FrameWork", "ET.FrameWork", "{2F34C0B6-8A31-4FD1-932F-4E50249BD40C}"
EndProject
Project("{9A19103F-16F7-4668-BE54-9A1E7A4F7556}") = "ET.SSO.WebUI", "ET.SSO.WebUI\ET.SSO.WebUI.csproj", "{945EB68B-BA5D-461A-B97F-9B1C21F9214A}"
EndProject
Project("{9A19103F-16F7-4668-BE54-9A1E7A4F7556}") = "ET.SSO.Core", "ET.SSO.Core\ET.SSO.Core.csproj", "{0E794EB7-B33D-4C50-8AA2-343A741E4D7F}"
EndProject
Project("{9A19103F-16F7-4668-BE54-9A1E7A4F7556}") = "ET.OA.WebTest", "ET.OA.WebTest\ET.OA.WebTest.csproj", "{8EDCF2D1-6C50-44BA-BBE8-86CA8D8C10BD}"
EndProject
Project("{9A19103F-16F7-4668-BE54-9A1E7A4F7556}") = "ET.SSO.Server", "ET.SSO.Server\ET.SSO.Server.csproj", "{327FC235-6448-4DA2-AF48-D6C811F8A330}"
EndProject
Project("{9A19103F-16F7-4668-BE54-9A1E7A4F7556}") = "ET.SSO.Client", "ET.SSO.Client\ET.SSO.Client.csproj", "{0C5FEE67-3F4B-4511-8BDB-A780608B63FC}"
EndProject
Project("{9A19103F-16F7-4668-BE54-9A1E7A4F7556}") = "ET.Core.Entity", "ET.BUA.Core.Entity\ET.Core.Entity.csproj", "{5749B463-7AAD-4E94-AEFF-15276BE5DCEE}"
EndProject
Global
	GlobalSection(SolutionConfigurationPlatforms) = preSolution
		Debug|Any CPU = Debug|Any CPU
		Release|Any CPU = Release|Any CPU
	EndGlobalSection
	GlobalSection(ProjectConfigurationPlatforms) = postSolution
		{C97F3595-E02B-4517-9814-6E8C4610DAB0}.Debug|Any CPU.ActiveCfg = Debug|Any CPU
		{C97F3595-E02B-4517-9814-6E8C4610DAB0}.Debug|Any CPU.Build.0 = Debug|Any CPU
		{C97F3595-E02B-4517-9814-6E8C4610DAB0}.Release|Any CPU.ActiveCfg = Release|Any CPU
		{C97F3595-E02B-4517-9814-6E8C4610DAB0}.Release|Any CPU.Build.0 = Release|Any CPU
		{BF2C6101-F921-4708-B95A-26EE06058C00}.Debug|Any CPU.ActiveCfg = Debug|Any CPU
		{BF2C6101-F921-4708-B95A-26EE06058C00}.Debug|Any CPU.Build.0 = Debug|Any CPU
		{BF2C6101-F921-4708-B95A-26EE06058C00}.Release|Any CPU.ActiveCfg = Release|Any CPU
		{BF2C6101-F921-4708-B95A-26EE06058C00}.Release|Any CPU.Build.0 = Release|Any CPU
		{3C27CEF8-A38B-4F20-A5AB-35D7872FBEB1}.Debug|Any CPU.ActiveCfg = Debug|Any CPU
		{3C27CEF8-A38B-4F20-A5AB-35D7872FBEB1}.Debug|Any CPU.Build.0 = Debug|Any CPU
		{3C27CEF8-A38B-4F20-A5AB-35D7872FBEB1}.Release|Any CPU.ActiveCfg = Release|Any CPU
		{3C27CEF8-A38B-4F20-A5AB-35D7872FBEB1}.Release|Any CPU.Build.0 = Release|Any CPU
		{7A01A6AA-55FA-4087-8C36-4FE0933BFAE2}.Debug|Any CPU.ActiveCfg = Debug|Any CPU
		{7A01A6AA-55FA-4087-8C36-4FE0933BFAE2}.Debug|Any CPU.Build.0 = Debug|Any CPU
		{7A01A6AA-55FA-4087-8C36-4FE0933BFAE2}.Release|Any CPU.ActiveCfg = Release|Any CPU
		{7A01A6AA-55FA-4087-8C36-4FE0933BFAE2}.Release|Any CPU.Build.0 = Release|Any CPU
		{3B9D279A-FF60-4A0A-A239-C72F272A6CDA}.Debug|Any CPU.ActiveCfg = Debug|Any CPU
		{3B9D279A-FF60-4A0A-A239-C72F272A6CDA}.Debug|Any CPU.Build.0 = Debug|Any CPU
		{3B9D279A-FF60-4A0A-A239-C72F272A6CDA}.Release|Any CPU.ActiveCfg = Release|Any CPU
		{3B9D279A-FF60-4A0A-A239-C72F272A6CDA}.Release|Any CPU.Build.0 = Release|Any CPU
		{07E66100-C1C5-46A2-A636-C3E801C76588}.Debug|Any CPU.ActiveCfg = Debug|Any CPU
		{07E66100-C1C5-46A2-A636-C3E801C76588}.Debug|Any CPU.Build.0 = Debug|Any CPU
		{07E66100-C1C5-46A2-A636-C3E801C76588}.Release|Any CPU.ActiveCfg = Release|Any CPU
		{07E66100-C1C5-46A2-A636-C3E801C76588}.Release|Any CPU.Build.0 = Release|Any CPU
		{6642815D-53F6-46B2-9648-204975C2040F}.Debug|Any CPU.ActiveCfg = Debug|Any CPU
		{6642815D-53F6-46B2-9648-204975C2040F}.Debug|Any CPU.Build.0 = Debug|Any CPU
		{6642815D-53F6-46B2-9648-204975C2040F}.Release|Any CPU.ActiveCfg = Release|Any CPU
		{6642815D-53F6-46B2-9648-204975C2040F}.Release|Any CPU.Build.0 = Release|Any CPU
		{90D9BE60-0010-4836-908B-28517E4D416A}.Debug|Any CPU.ActiveCfg = Debug|Any CPU
		{90D9BE60-0010-4836-908B-28517E4D416A}.Debug|Any CPU.Build.0 = Debug|Any CPU
		{90D9BE60-0010-4836-908B-28517E4D416A}.Release|Any CPU.ActiveCfg = Release|Any CPU
		{90D9BE60-0010-4836-908B-28517E4D416A}.Release|Any CPU.Build.0 = Release|Any CPU
		{90C8BE21-83B6-4FDF-BE82-B5A65DCE9893}.Debug|Any CPU.ActiveCfg = Debug|Any CPU
		{90C8BE21-83B6-4FDF-BE82-B5A65DCE9893}.Debug|Any CPU.Build.0 = Debug|Any CPU
		{90C8BE21-83B6-4FDF-BE82-B5A65DCE9893}.Release|Any CPU.ActiveCfg = Release|Any CPU
		{90C8BE21-83B6-4FDF-BE82-B5A65DCE9893}.Release|Any CPU.Build.0 = Release|Any CPU
		{C56C15BE-8273-4576-B2CD-5D680D9F196F}.Debug|Any CPU.ActiveCfg = Debug|Any CPU
		{C56C15BE-8273-4576-B2CD-5D680D9F196F}.Debug|Any CPU.Build.0 = Debug|Any CPU
		{C56C15BE-8273-4576-B2CD-5D680D9F196F}.Release|Any CPU.ActiveCfg = Release|Any CPU
		{C56C15BE-8273-4576-B2CD-5D680D9F196F}.Release|Any CPU.Build.0 = Release|Any CPU
		{FC5A933F-95D3-41D5-9D00-5BE25E55E78E}.Debug|Any CPU.ActiveCfg = Debug|Any CPU
		{FC5A933F-95D3-41D5-9D00-5BE25E55E78E}.Debug|Any CPU.Build.0 = Debug|Any CPU
		{FC5A933F-95D3-41D5-9D00-5BE25E55E78E}.Release|Any CPU.ActiveCfg = Release|Any CPU
		{FC5A933F-95D3-41D5-9D00-5BE25E55E78E}.Release|Any CPU.Build.0 = Release|Any CPU
		{945EB68B-BA5D-461A-B97F-9B1C21F9214A}.Debug|Any CPU.ActiveCfg = Debug|Any CPU
		{945EB68B-BA5D-461A-B97F-9B1C21F9214A}.Debug|Any CPU.Build.0 = Debug|Any CPU
		{945EB68B-BA5D-461A-B97F-9B1C21F9214A}.Release|Any CPU.ActiveCfg = Release|Any CPU
		{945EB68B-BA5D-461A-B97F-9B1C21F9214A}.Release|Any CPU.Build.0 = Release|Any CPU
		{0E794EB7-B33D-4C50-8AA2-343A741E4D7F}.Debug|Any CPU.ActiveCfg = Debug|Any CPU
		{0E794EB7-B33D-4C50-8AA2-343A741E4D7F}.Debug|Any CPU.Build.0 = Debug|Any CPU
		{0E794EB7-B33D-4C50-8AA2-343A741E4D7F}.Release|Any CPU.ActiveCfg = Release|Any CPU
		{0E794EB7-B33D-4C50-8AA2-343A741E4D7F}.Release|Any CPU.Build.0 = Release|Any CPU
		{8EDCF2D1-6C50-44BA-BBE8-86CA8D8C10BD}.Debug|Any CPU.ActiveCfg = Debug|Any CPU
		{8EDCF2D1-6C50-44BA-BBE8-86CA8D8C10BD}.Debug|Any CPU.Build.0 = Debug|Any CPU
		{8EDCF2D1-6C50-44BA-BBE8-86CA8D8C10BD}.Release|Any CPU.ActiveCfg = Release|Any CPU
		{8EDCF2D1-6C50-44BA-BBE8-86CA8D8C10BD}.Release|Any CPU.Build.0 = Release|Any CPU
		{327FC235-6448-4DA2-AF48-D6C811F8A330}.Debug|Any CPU.ActiveCfg = Debug|Any CPU
		{327FC235-6448-4DA2-AF48-D6C811F8A330}.Debug|Any CPU.Build.0 = Debug|Any CPU
		{327FC235-6448-4DA2-AF48-D6C811F8A330}.Release|Any CPU.ActiveCfg = Release|Any CPU
		{327FC235-6448-4DA2-AF48-D6C811F8A330}.Release|Any CPU.Build.0 = Release|Any CPU
		{0C5FEE67-3F4B-4511-8BDB-A780608B63FC}.Debug|Any CPU.ActiveCfg = Debug|Any CPU
		{0C5FEE67-3F4B-4511-8BDB-A780608B63FC}.Debug|Any CPU.Build.0 = Debug|Any CPU
		{0C5FEE67-3F4B-4511-8BDB-A780608B63FC}.Release|Any CPU.ActiveCfg = Release|Any CPU
		{0C5FEE67-3F4B-4511-8BDB-A780608B63FC}.Release|Any CPU.Build.0 = Release|Any CPU
		{5749B463-7AAD-4E94-AEFF-15276BE5DCEE}.Debug|Any CPU.ActiveCfg = Debug|Any CPU
		{5749B463-7AAD-4E94-AEFF-15276BE5DCEE}.Debug|Any CPU.Build.0 = Debug|Any CPU
		{5749B463-7AAD-4E94-AEFF-15276BE5DCEE}.Release|Any CPU.ActiveCfg = Release|Any CPU
		{5749B463-7AAD-4E94-AEFF-15276BE5DCEE}.Release|Any CPU.Build.0 = Release|Any CPU
	EndGlobalSection
	GlobalSection(SolutionProperties) = preSolution
		HideSolutionNode = FALSE
	EndGlobalSection
	GlobalSection(NestedProjects) = preSolution
		{C97F3595-E02B-4517-9814-6E8C4610DAB0} = {D2C3A5AA-BCEC-45E7-83C5-D4A280385449}
		{BF2C6101-F921-4708-B95A-26EE06058C00} = {D2C3A5AA-BCEC-45E7-83C5-D4A280385449}
		{3C27CEF8-A38B-4F20-A5AB-35D7872FBEB1} = {D2C3A5AA-BCEC-45E7-83C5-D4A280385449}
		{7A01A6AA-55FA-4087-8C36-4FE0933BFAE2} = {D2C3A5AA-BCEC-45E7-83C5-D4A280385449}
		{3B9D279A-FF60-4A0A-A239-C72F272A6CDA} = {2F34C0B6-8A31-4FD1-932F-4E50249BD40C}
		{07E66100-C1C5-46A2-A636-C3E801C76588} = {5BB0F10A-72CC-4837-BC26-E2EDFB83CABC}
		{6642815D-53F6-46B2-9648-204975C2040F} = {5BB0F10A-72CC-4837-BC26-E2EDFB83CABC}
		{90D9BE60-0010-4836-908B-28517E4D416A} = {5BB0F10A-72CC-4837-BC26-E2EDFB83CABC}
		{90C8BE21-83B6-4FDF-BE82-B5A65DCE9893} = {5BB0F10A-72CC-4837-BC26-E2EDFB83CABC}
		{C56C15BE-8273-4576-B2CD-5D680D9F196F} = {5BB0F10A-72CC-4837-BC26-E2EDFB83CABC}
		{FC5A933F-95D3-41D5-9D00-5BE25E55E78E} = {5BB0F10A-72CC-4837-BC26-E2EDFB83CABC}
		{945EB68B-BA5D-461A-B97F-9B1C21F9214A} = {006CE8E2-0E5C-4C89-9DA1-5C139E3D508D}
		{0E794EB7-B33D-4C50-8AA2-343A741E4D7F} = {006CE8E2-0E5C-4C89-9DA1-5C139E3D508D}
		{8EDCF2D1-6C50-44BA-BBE8-86CA8D8C10BD} = {006CE8E2-0E5C-4C89-9DA1-5C139E3D508D}
		{327FC235-6448-4DA2-AF48-D6C811F8A330} = {006CE8E2-0E5C-4C89-9DA1-5C139E3D508D}
		{0C5FEE67-3F4B-4511-8BDB-A780608B63FC} = {006CE8E2-0E5C-4C89-9DA1-5C139E3D508D}
		{5749B463-7AAD-4E94-AEFF-15276BE5DCEE} = {2F34C0B6-8A31-4FD1-932F-4E50249BD40C}
	EndGlobalSection
	GlobalSection(ExtensibilityGlobals) = postSolution
		SolutionGuid = {9E5525B6-D088-43C6-99FD-2D65A4882B54}
	EndGlobalSection
EndGlobal
